
Microsoft Visual Studio Solution File, Format Version 12.00
# Visual Studio Version 16
VisualStudioVersion = 16.0.28922.388
MinimumVisualStudioVersion = 10.0.40219.1
Project("{FAE04EC0-301F-11D3-BF4B-00C04F79EFBC}") = "ConsoleApplication1", "ConsoleApplication1\ConsoleApplication1.csproj", "{39522ECE-0225-476E-8A9B-B0C8F985BFC4}"
EndProject
Project("{FAE04EC0-301F-11D3-BF4B-00C04F79EFBC}") = "WpfApplication1", "WpfApplication1\WpfApplication1.csproj", "{BBC70FD2-0DBC-4CB6-841D-DE0D1ED04023}"
EndProject
Project("{FAE04EC0-301F-11D3-BF4B-00C04F79EFBC}") = "UApp1", "UApp1\UApp1.csproj", "{1260389F-5C62-443D-8173-B528E59A2F29}"
EndProject
Project("{9A19103F-16F7-4668-BE54-9A1E7A4F7556}") = "NetCoreConsoleApp1", "NetCoreConsoleApp1\NetCoreConsoleApp1.csproj", "{7585E2C8-75E5-4C5C-BFF3-DC27ED50B2E1}"
EndProject
Project("{9A19103F-16F7-4668-BE54-9A1E7A4F7556}") = "ASP_NET_Core_WebAPI_1", "ASP_NET_Core_WebAPI_1\ASP_NET_Core_WebAPI_1.csproj", "{7AAA2ED3-71F0-4F04-9FC6-BB2A63EEF249}"
EndProject
Project("{9A19103F-16F7-4668-BE54-9A1E7A4F7556}") = "ASP_NET_Core_WebApplication1", "ASP_NET_Core_WebApplication1\ASP_NET_Core_WebApplication1.csproj", "{2382F0DA-F4ED-403C-9037-321AFD98CCDF}"
EndProject
Project("{2150E333-8FDC-42A3-9474-1A3956D46DE8}") = ".NET Core 1.1", ".NET Core 1.1", "{0EFDED4F-C77C-4FA4-A8F9-E5A895D1B6AF}"
EndProject
Project("{2150E333-8FDC-42A3-9474-1A3956D46DE8}") = ".NET Core 2.0", ".NET Core 2.0", "{430F6DCE-1FFC-4529-9FC9-CFDE0A9251D5}"
EndProject
Project("{9A19103F-16F7-4668-BE54-9A1E7A4F7556}") = "NETCore2ConsoleApp1", "NETCore2ConsoleApp1\NETCore2ConsoleApp1.csproj", "{361CE6B9-C5DB-43EC-B12C-6B0074325FA5}"
EndProject
Project("{9A19103F-16F7-4668-BE54-9A1E7A4F7556}") = "ASP_NET_Core2_WebAPI_1", "ASP_NET_Core2_WebAPI_1\ASP_NET_Core2_WebAPI_1.csproj", "{C1F8B101-B0DB-40A1-8A8E-7D0F00F49724}"
EndProject
Project("{9A19103F-16F7-4668-BE54-9A1E7A4F7556}") = "ASP_NET_Core2_WebApplication1", "ASP_NET_Core2_WebApplication1\ASP_NET_Core2_WebApplication1.csproj", "{1696216A-A349-4E0F-BFEB-385C92DB413F}"
EndProject
Project("{9A19103F-16F7-4668-BE54-9A1E7A4F7556}") = "ASP_NET_Core2_Angular", "ASP_NET_Core2_Angular\ASP_NET_Core2_Angular.csproj", "{DF87C47F-11A3-4DF8-81CE-6DA8518FA669}"
EndProject
Project("{9A19103F-16F7-4668-BE54-9A1E7A4F7556}") = "ASP_NET_Core2_MVC_App1", "ASP_NET_Core2_MVC_App1\ASP_NET_Core2_MVC_App1.csproj", "{7BD9D22E-1B9F-42D3-8D83-B89E49044ECD}"
EndProject
Project("{2150E333-8FDC-42A3-9474-1A3956D46DE8}") = "SignalR", "SignalR", "{DF85F9BC-4DF7-4DD0-8CA5-9A5DD664A572}"
EndProject
Project("{FAE04EC0-301F-11D3-BF4B-00C04F79EFBC}") = "SignalRConsoleServer1", "SignalRConsoleServer1\SignalRConsoleServer1.csproj", "{700B8A4C-4E0B-41EE-93AF-E815FCDBA1A2}"
EndProject
Project("{FAE04EC0-301F-11D3-BF4B-00C04F79EFBC}") = "SignalRConsoleClient1", "SignalRConsoleClient1\SignalRConsoleClient1.csproj", "{C882F15F-5DDB-4D22-B18F-BB012A5F0690}"
EndProject
Project("{FAE04EC0-301F-11D3-BF4B-00C04F79EFBC}") = "FixMap", "FixMap\FixMap.csproj", "{6A73874E-1BB4-4897-861C-E5871567C1FB}"
EndProject
Project("{2150E333-8FDC-42A3-9474-1A3956D46DE8}") = ".NET Core 2.1", ".NET Core 2.1", "{1774ADCA-180A-4128-BC6B-F599596AD992}"
EndProject
Project("{9A19103F-16F7-4668-BE54-9A1E7A4F7556}") = "libSvs", "libSvs\libSvs.csproj", "{F68322A0-6A4A-46C1-B0F0-ED0B96AF9FF0}"
EndProject
Project("{FAE04EC0-301F-11D3-BF4B-00C04F79EFBC}") = "ConsoleApp1", "ConsoleApp1\ConsoleApp1.csproj", "{481C70AE-19B3-4603-A3C1-6287764B53B0}"
EndProject
Project("{FAE04EC0-301F-11D3-BF4B-00C04F79EFBC}") = "UnitTestProject1", "UnitTestProject1\UnitTestProject1.csproj", "{BC584447-F6AF-46D1-9861-C6EE7AF1C1A6}"
EndProject
Project("{2150E333-8FDC-42A3-9474-1A3956D46DE8}") = ".NET Core 3.1", ".NET Core 3.1", "{3B252390-BB00-4A77-93A0-47D9F06052EE}"
EndProject
Project("{FAE04EC0-301F-11D3-BF4B-00C04F79EFBC}") = "ASP_NET_Core31_Empty", "ASP_NET_Core31_Empty\ASP_NET_Core31_Empty.csproj", "{945CC96F-13EB-4F84-B0E5-DF47800ACBF6}"
EndProject
Project("{FAE04EC0-301F-11D3-BF4B-00C04F79EFBC}") = "ASP_NET_Core31_WebApplication1", "ASP_NET_Core31_WebApplication1\ASP_NET_Core31_WebApplication1.csproj", "{EAB4D72F-BC03-45B6-8621-215AD9EECDF8}"
EndProject
Project("{FAE04EC0-301F-11D3-BF4B-00C04F79EFBC}") = "ASP_NET_Core31_WebAPI_1", "ASP_NET_Core31_WebAPI_1\ASP_NET_Core31_WebAPI_1.csproj", "{9C9C8EB6-784E-45F0-8EC6-C6FA98A77066}"
EndProject
Project("{FAE04EC0-301F-11D3-BF4B-00C04F79EFBC}") = "ASP_NET_Core31_MVC_App1", "ASP_NET_Core31_MVC_App1\ASP_NET_Core31_MVC_App1.csproj", "{23F77967-F411-4EB4-B95D-A8AB15EBB812}"
EndProject
Project("{FAE04EC0-301F-11D3-BF4B-00C04F79EFBC}") = "ASP_NET_Core31_Angular1", "ASP_NET_Core31_Angular1\ASP_NET_Core31_Angular1.csproj", "{018D1136-1BE0-4F15-BAF2-70D4A477C4C5}"
EndProject
Project("{FAE04EC0-301F-11D3-BF4B-00C04F79EFBC}") = "ASP_NET_Core31_React1", "ASP_NET_Core31_React1\ASP_NET_Core31_React1.csproj", "{A34321F4-4733-477D-8187-7A0AFD130E31}"
EndProject
Project("{FAE04EC0-301F-11D3-BF4B-00C04F79EFBC}") = "ASP_NET_Core31_ReactRedux1", "ASP_NET_Core31_ReactRedux1\ASP_NET_Core31_ReactRedux1.csproj", "{4673A748-7C04-4753-9A60-C421A611EA19}"
EndProject
Project("{FAE04EC0-301F-11D3-BF4B-00C04F79EFBC}") = "ASP_NET_Core31_BlazorServerApp1", "ASP_NET_Core31_BlazorServerApp1\ASP_NET_Core31_BlazorServerApp1.csproj", "{AC272517-E577-474B-976C-A6A57ABA1DDE}"
EndProject
Project("{FAE04EC0-301F-11D3-BF4B-00C04F79EFBC}") = "ASP_NET_Core31_WebAssemblyBlazorApp1", "ASP_NET_Core31_WebAssemblyBlazorApp1\ASP_NET_Core31_WebAssemblyBlazorApp1.csproj", "{0535BA18-EA50-42C1-9F61-B6BD1F4DD5CD}"
EndProject
Project("{FAE04EC0-301F-11D3-BF4B-00C04F79EFBC}") = "ASP_NET_Core31_WebAssemblyBlazorApp1_CoreHosted.Server", "ASP_NET_Core31_WebAssemblyBlazorApp1_CoreHosted\Server\ASP_NET_Core31_WebAssemblyBlazorApp1_CoreHosted.Server.csproj", "{F09DE572-E984-4226-B57B-1141A9848BCB}"
EndProject
Project("{FAE04EC0-301F-11D3-BF4B-00C04F79EFBC}") = "ASP_NET_Core31_WebAssemblyBlazorApp1_CoreHosted.Client", "ASP_NET_Core31_WebAssemblyBlazorApp1_CoreHosted\Client\ASP_NET_Core31_WebAssemblyBlazorApp1_CoreHosted.Client.csproj", "{DCA39440-6CB4-4419-826A-3EEB5BCC1185}"
EndProject
Project("{FAE04EC0-301F-11D3-BF4B-00C04F79EFBC}") = "ASP_NET_Core31_WebAssemblyBlazorApp1_CoreHosted.Shared", "ASP_NET_Core31_WebAssemblyBlazorApp1_CoreHosted\Shared\ASP_NET_Core31_WebAssemblyBlazorApp1_CoreHosted.Shared.csproj", "{E92900DE-AAC6-4A58-83A6-943F274DA89B}"
EndProject
Project("{FAE04EC0-301F-11D3-BF4B-00C04F79EFBC}") = "ASP_NET_Core31_WebAssemblyBlazorApp1_Progressive", "ASP_NET_Core31_WebAssemblyBlazorApp1_Progressive\ASP_NET_Core31_WebAssemblyBlazorApp1_Progressive.csproj", "{71F25E23-8FF3-4712-86FC-B5657BF7FC84}"
EndProject
Project("{FAE04EC0-301F-11D3-BF4B-00C04F79EFBC}") = "ASP_NET_Core31_WebAssemblyBlazorApp1_Both.Server", "ASP_NET_Core31_WebAssemblyBlazorApp1_Both\Server\ASP_NET_Core31_WebAssemblyBlazorApp1_Both.Server.csproj", "{78888642-3CE7-47F5-8E86-1BCB83A8694B}"
EndProject
Project("{FAE04EC0-301F-11D3-BF4B-00C04F79EFBC}") = "ASP_NET_Core31_WebAssemblyBlazorApp1_Both.Client", "ASP_NET_Core31_WebAssemblyBlazorApp1_Both\Client\ASP_NET_Core31_WebAssemblyBlazorApp1_Both.Client.csproj", "{D92C6E75-381E-46C3-B17E-0DC356824A40}"
EndProject
Project("{FAE04EC0-301F-11D3-BF4B-00C04F79EFBC}") = "ASP_NET_Core31_WebAssemblyBlazorApp1_Both.Shared", "ASP_NET_Core31_WebAssemblyBlazorApp1_Both\Shared\ASP_NET_Core31_WebAssemblyBlazorApp1_Both.Shared.csproj", "{851E396C-7766-4774-84C2-20D6776B96B9}"
EndProject
Project("{FAE04EC0-301F-11D3-BF4B-00C04F79EFBC}") = "ASP_NET_Core31_gRPC_1", "ASP_NET_Core31_gRPC_1\ASP_NET_Core31_gRPC_1.csproj", "{BFE0D2FA-254A-46B0-8F96-1CC092B0E0EC}"
EndProject
Global
	GlobalSection(SolutionConfigurationPlatforms) = preSolution
		Debug|Any CPU = Debug|Any CPU
		Debug|ARM = Debug|ARM
		Debug|x64 = Debug|x64
		Debug|x86 = Debug|x86
		Release|Any CPU = Release|Any CPU
		Release|ARM = Release|ARM
		Release|x64 = Release|x64
		Release|x86 = Release|x86
	EndGlobalSection
	GlobalSection(ProjectConfigurationPlatforms) = postSolution
		{39522ECE-0225-476E-8A9B-B0C8F985BFC4}.Debug|Any CPU.ActiveCfg = Debug|Any CPU
		{39522ECE-0225-476E-8A9B-B0C8F985BFC4}.Debug|Any CPU.Build.0 = Debug|Any CPU
		{39522ECE-0225-476E-8A9B-B0C8F985BFC4}.Debug|ARM.ActiveCfg = Debug|Any CPU
		{39522ECE-0225-476E-8A9B-B0C8F985BFC4}.Debug|ARM.Build.0 = Debug|Any CPU
		{39522ECE-0225-476E-8A9B-B0C8F985BFC4}.Debug|x64.ActiveCfg = Debug|Any CPU
		{39522ECE-0225-476E-8A9B-B0C8F985BFC4}.Debug|x64.Build.0 = Debug|Any CPU
		{39522ECE-0225-476E-8A9B-B0C8F985BFC4}.Debug|x86.ActiveCfg = Debug|Any CPU
		{39522ECE-0225-476E-8A9B-B0C8F985BFC4}.Debug|x86.Build.0 = Debug|Any CPU
		{39522ECE-0225-476E-8A9B-B0C8F985BFC4}.Release|Any CPU.ActiveCfg = Release|Any CPU
		{39522ECE-0225-476E-8A9B-B0C8F985BFC4}.Release|Any CPU.Build.0 = Release|Any CPU
		{39522ECE-0225-476E-8A9B-B0C8F985BFC4}.Release|ARM.ActiveCfg = Release|Any CPU
		{39522ECE-0225-476E-8A9B-B0C8F985BFC4}.Release|ARM.Build.0 = Release|Any CPU
		{39522ECE-0225-476E-8A9B-B0C8F985BFC4}.Release|x64.ActiveCfg = Release|Any CPU
		{39522ECE-0225-476E-8A9B-B0C8F985BFC4}.Release|x64.Build.0 = Release|Any CPU
		{39522ECE-0225-476E-8A9B-B0C8F985BFC4}.Release|x86.ActiveCfg = Release|Any CPU
		{39522ECE-0225-476E-8A9B-B0C8F985BFC4}.Release|x86.Build.0 = Release|Any CPU
		{BBC70FD2-0DBC-4CB6-841D-DE0D1ED04023}.Debug|Any CPU.ActiveCfg = Debug|Any CPU
		{BBC70FD2-0DBC-4CB6-841D-DE0D1ED04023}.Debug|Any CPU.Build.0 = Debug|Any CPU
		{BBC70FD2-0DBC-4CB6-841D-DE0D1ED04023}.Debug|ARM.ActiveCfg = Debug|Any CPU
		{BBC70FD2-0DBC-4CB6-841D-DE0D1ED04023}.Debug|x64.ActiveCfg = Debug|Any CPU
		{BBC70FD2-0DBC-4CB6-841D-DE0D1ED04023}.Debug|x86.ActiveCfg = Debug|Any CPU
		{BBC70FD2-0DBC-4CB6-841D-DE0D1ED04023}.Release|Any CPU.ActiveCfg = Release|Any CPU
		{BBC70FD2-0DBC-4CB6-841D-DE0D1ED04023}.Release|Any CPU.Build.0 = Release|Any CPU
		{BBC70FD2-0DBC-4CB6-841D-DE0D1ED04023}.Release|ARM.ActiveCfg = Release|Any CPU
		{BBC70FD2-0DBC-4CB6-841D-DE0D1ED04023}.Release|x64.ActiveCfg = Release|Any CPU
		{BBC70FD2-0DBC-4CB6-841D-DE0D1ED04023}.Release|x86.ActiveCfg = Release|Any CPU
		{1260389F-5C62-443D-8173-B528E59A2F29}.Debug|Any CPU.ActiveCfg = Debug|x86
		{1260389F-5C62-443D-8173-B528E59A2F29}.Debug|ARM.ActiveCfg = Debug|ARM
		{1260389F-5C62-443D-8173-B528E59A2F29}.Debug|ARM.Build.0 = Debug|ARM
		{1260389F-5C62-443D-8173-B528E59A2F29}.Debug|ARM.Deploy.0 = Debug|ARM
		{1260389F-5C62-443D-8173-B528E59A2F29}.Debug|x64.ActiveCfg = Debug|x64
		{1260389F-5C62-443D-8173-B528E59A2F29}.Debug|x64.Build.0 = Debug|x64
		{1260389F-5C62-443D-8173-B528E59A2F29}.Debug|x64.Deploy.0 = Debug|x64
		{1260389F-5C62-443D-8173-B528E59A2F29}.Debug|x86.ActiveCfg = Debug|x86
		{1260389F-5C62-443D-8173-B528E59A2F29}.Debug|x86.Build.0 = Debug|x86
		{1260389F-5C62-443D-8173-B528E59A2F29}.Debug|x86.Deploy.0 = Debug|x86
		{1260389F-5C62-443D-8173-B528E59A2F29}.Release|Any CPU.ActiveCfg = Release|x86
		{1260389F-5C62-443D-8173-B528E59A2F29}.Release|ARM.ActiveCfg = Release|ARM
		{1260389F-5C62-443D-8173-B528E59A2F29}.Release|ARM.Build.0 = Release|ARM
		{1260389F-5C62-443D-8173-B528E59A2F29}.Release|ARM.Deploy.0 = Release|ARM
		{1260389F-5C62-443D-8173-B528E59A2F29}.Release|x64.ActiveCfg = Release|x64
		{1260389F-5C62-443D-8173-B528E59A2F29}.Release|x64.Build.0 = Release|x64
		{1260389F-5C62-443D-8173-B528E59A2F29}.Release|x64.Deploy.0 = Release|x64
		{1260389F-5C62-443D-8173-B528E59A2F29}.Release|x86.ActiveCfg = Release|x86
		{1260389F-5C62-443D-8173-B528E59A2F29}.Release|x86.Build.0 = Release|x86
		{1260389F-5C62-443D-8173-B528E59A2F29}.Release|x86.Deploy.0 = Release|x86
		{7585E2C8-75E5-4C5C-BFF3-DC27ED50B2E1}.Debug|Any CPU.ActiveCfg = Debug|Any CPU
		{7585E2C8-75E5-4C5C-BFF3-DC27ED50B2E1}.Debug|Any CPU.Build.0 = Debug|Any CPU
		{7585E2C8-75E5-4C5C-BFF3-DC27ED50B2E1}.Debug|ARM.ActiveCfg = Debug|Any CPU
		{7585E2C8-75E5-4C5C-BFF3-DC27ED50B2E1}.Debug|ARM.Build.0 = Debug|Any CPU
		{7585E2C8-75E5-4C5C-BFF3-DC27ED50B2E1}.Debug|x64.ActiveCfg = Debug|Any CPU
		{7585E2C8-75E5-4C5C-BFF3-DC27ED50B2E1}.Debug|x64.Build.0 = Debug|Any CPU
		{7585E2C8-75E5-4C5C-BFF3-DC27ED50B2E1}.Debug|x86.ActiveCfg = Debug|Any CPU
		{7585E2C8-75E5-4C5C-BFF3-DC27ED50B2E1}.Debug|x86.Build.0 = Debug|Any CPU
		{7585E2C8-75E5-4C5C-BFF3-DC27ED50B2E1}.Release|Any CPU.ActiveCfg = Release|Any CPU
		{7585E2C8-75E5-4C5C-BFF3-DC27ED50B2E1}.Release|Any CPU.Build.0 = Release|Any CPU
		{7585E2C8-75E5-4C5C-BFF3-DC27ED50B2E1}.Release|ARM.ActiveCfg = Release|Any CPU
		{7585E2C8-75E5-4C5C-BFF3-DC27ED50B2E1}.Release|ARM.Build.0 = Release|Any CPU
		{7585E2C8-75E5-4C5C-BFF3-DC27ED50B2E1}.Release|x64.ActiveCfg = Release|Any CPU
		{7585E2C8-75E5-4C5C-BFF3-DC27ED50B2E1}.Release|x64.Build.0 = Release|Any CPU
		{7585E2C8-75E5-4C5C-BFF3-DC27ED50B2E1}.Release|x86.ActiveCfg = Release|Any CPU
		{7585E2C8-75E5-4C5C-BFF3-DC27ED50B2E1}.Release|x86.Build.0 = Release|Any CPU
		{7AAA2ED3-71F0-4F04-9FC6-BB2A63EEF249}.Debug|Any CPU.ActiveCfg = Debug|Any CPU
		{7AAA2ED3-71F0-4F04-9FC6-BB2A63EEF249}.Debug|Any CPU.Build.0 = Debug|Any CPU
		{7AAA2ED3-71F0-4F04-9FC6-BB2A63EEF249}.Debug|ARM.ActiveCfg = Debug|Any CPU
		{7AAA2ED3-71F0-4F04-9FC6-BB2A63EEF249}.Debug|ARM.Build.0 = Debug|Any CPU
		{7AAA2ED3-71F0-4F04-9FC6-BB2A63EEF249}.Debug|x64.ActiveCfg = Debug|Any CPU
		{7AAA2ED3-71F0-4F04-9FC6-BB2A63EEF249}.Debug|x64.Build.0 = Debug|Any CPU
		{7AAA2ED3-71F0-4F04-9FC6-BB2A63EEF249}.Debug|x86.ActiveCfg = Debug|Any CPU
		{7AAA2ED3-71F0-4F04-9FC6-BB2A63EEF249}.Debug|x86.Build.0 = Debug|Any CPU
		{7AAA2ED3-71F0-4F04-9FC6-BB2A63EEF249}.Release|Any CPU.ActiveCfg = Release|Any CPU
		{7AAA2ED3-71F0-4F04-9FC6-BB2A63EEF249}.Release|Any CPU.Build.0 = Release|Any CPU
		{7AAA2ED3-71F0-4F04-9FC6-BB2A63EEF249}.Release|ARM.ActiveCfg = Release|Any CPU
		{7AAA2ED3-71F0-4F04-9FC6-BB2A63EEF249}.Release|ARM.Build.0 = Release|Any CPU
		{7AAA2ED3-71F0-4F04-9FC6-BB2A63EEF249}.Release|x64.ActiveCfg = Release|Any CPU
		{7AAA2ED3-71F0-4F04-9FC6-BB2A63EEF249}.Release|x64.Build.0 = Release|Any CPU
		{7AAA2ED3-71F0-4F04-9FC6-BB2A63EEF249}.Release|x86.ActiveCfg = Release|Any CPU
		{7AAA2ED3-71F0-4F04-9FC6-BB2A63EEF249}.Release|x86.Build.0 = Release|Any CPU
		{2382F0DA-F4ED-403C-9037-321AFD98CCDF}.Debug|Any CPU.ActiveCfg = Debug|Any CPU
		{2382F0DA-F4ED-403C-9037-321AFD98CCDF}.Debug|Any CPU.Build.0 = Debug|Any CPU
		{2382F0DA-F4ED-403C-9037-321AFD98CCDF}.Debug|ARM.ActiveCfg = Debug|Any CPU
		{2382F0DA-F4ED-403C-9037-321AFD98CCDF}.Debug|ARM.Build.0 = Debug|Any CPU
		{2382F0DA-F4ED-403C-9037-321AFD98CCDF}.Debug|x64.ActiveCfg = Debug|Any CPU
		{2382F0DA-F4ED-403C-9037-321AFD98CCDF}.Debug|x64.Build.0 = Debug|Any CPU
		{2382F0DA-F4ED-403C-9037-321AFD98CCDF}.Debug|x86.ActiveCfg = Debug|Any CPU
		{2382F0DA-F4ED-403C-9037-321AFD98CCDF}.Debug|x86.Build.0 = Debug|Any CPU
		{2382F0DA-F4ED-403C-9037-321AFD98CCDF}.Release|Any CPU.ActiveCfg = Release|Any CPU
		{2382F0DA-F4ED-403C-9037-321AFD98CCDF}.Release|Any CPU.Build.0 = Release|Any CPU
		{2382F0DA-F4ED-403C-9037-321AFD98CCDF}.Release|ARM.ActiveCfg = Release|Any CPU
		{2382F0DA-F4ED-403C-9037-321AFD98CCDF}.Release|ARM.Build.0 = Release|Any CPU
		{2382F0DA-F4ED-403C-9037-321AFD98CCDF}.Release|x64.ActiveCfg = Release|Any CPU
		{2382F0DA-F4ED-403C-9037-321AFD98CCDF}.Release|x64.Build.0 = Release|Any CPU
		{2382F0DA-F4ED-403C-9037-321AFD98CCDF}.Release|x86.ActiveCfg = Release|Any CPU
		{2382F0DA-F4ED-403C-9037-321AFD98CCDF}.Release|x86.Build.0 = Release|Any CPU
		{361CE6B9-C5DB-43EC-B12C-6B0074325FA5}.Debug|Any CPU.ActiveCfg = Debug|Any CPU
		{361CE6B9-C5DB-43EC-B12C-6B0074325FA5}.Debug|Any CPU.Build.0 = Debug|Any CPU
		{361CE6B9-C5DB-43EC-B12C-6B0074325FA5}.Debug|ARM.ActiveCfg = Debug|Any CPU
		{361CE6B9-C5DB-43EC-B12C-6B0074325FA5}.Debug|ARM.Build.0 = Debug|Any CPU
		{361CE6B9-C5DB-43EC-B12C-6B0074325FA5}.Debug|x64.ActiveCfg = Debug|Any CPU
		{361CE6B9-C5DB-43EC-B12C-6B0074325FA5}.Debug|x64.Build.0 = Debug|Any CPU
		{361CE6B9-C5DB-43EC-B12C-6B0074325FA5}.Debug|x86.ActiveCfg = Debug|Any CPU
		{361CE6B9-C5DB-43EC-B12C-6B0074325FA5}.Debug|x86.Build.0 = Debug|Any CPU
		{361CE6B9-C5DB-43EC-B12C-6B0074325FA5}.Release|Any CPU.ActiveCfg = Release|Any CPU
		{361CE6B9-C5DB-43EC-B12C-6B0074325FA5}.Release|Any CPU.Build.0 = Release|Any CPU
		{361CE6B9-C5DB-43EC-B12C-6B0074325FA5}.Release|ARM.ActiveCfg = Release|Any CPU
		{361CE6B9-C5DB-43EC-B12C-6B0074325FA5}.Release|ARM.Build.0 = Release|Any CPU
		{361CE6B9-C5DB-43EC-B12C-6B0074325FA5}.Release|x64.ActiveCfg = Release|Any CPU
		{361CE6B9-C5DB-43EC-B12C-6B0074325FA5}.Release|x64.Build.0 = Release|Any CPU
		{361CE6B9-C5DB-43EC-B12C-6B0074325FA5}.Release|x86.ActiveCfg = Release|Any CPU
		{361CE6B9-C5DB-43EC-B12C-6B0074325FA5}.Release|x86.Build.0 = Release|Any CPU
		{C1F8B101-B0DB-40A1-8A8E-7D0F00F49724}.Debug|Any CPU.ActiveCfg = Debug|Any CPU
		{C1F8B101-B0DB-40A1-8A8E-7D0F00F49724}.Debug|Any CPU.Build.0 = Debug|Any CPU
		{C1F8B101-B0DB-40A1-8A8E-7D0F00F49724}.Debug|ARM.ActiveCfg = Debug|Any CPU
		{C1F8B101-B0DB-40A1-8A8E-7D0F00F49724}.Debug|ARM.Build.0 = Debug|Any CPU
		{C1F8B101-B0DB-40A1-8A8E-7D0F00F49724}.Debug|x64.ActiveCfg = Debug|Any CPU
		{C1F8B101-B0DB-40A1-8A8E-7D0F00F49724}.Debug|x64.Build.0 = Debug|Any CPU
		{C1F8B101-B0DB-40A1-8A8E-7D0F00F49724}.Debug|x86.ActiveCfg = Debug|Any CPU
		{C1F8B101-B0DB-40A1-8A8E-7D0F00F49724}.Debug|x86.Build.0 = Debug|Any CPU
		{C1F8B101-B0DB-40A1-8A8E-7D0F00F49724}.Release|Any CPU.ActiveCfg = Release|Any CPU
		{C1F8B101-B0DB-40A1-8A8E-7D0F00F49724}.Release|Any CPU.Build.0 = Release|Any CPU
		{C1F8B101-B0DB-40A1-8A8E-7D0F00F49724}.Release|ARM.ActiveCfg = Release|Any CPU
		{C1F8B101-B0DB-40A1-8A8E-7D0F00F49724}.Release|ARM.Build.0 = Release|Any CPU
		{C1F8B101-B0DB-40A1-8A8E-7D0F00F49724}.Release|x64.ActiveCfg = Release|Any CPU
		{C1F8B101-B0DB-40A1-8A8E-7D0F00F49724}.Release|x64.Build.0 = Release|Any CPU
		{C1F8B101-B0DB-40A1-8A8E-7D0F00F49724}.Release|x86.ActiveCfg = Release|Any CPU
		{C1F8B101-B0DB-40A1-8A8E-7D0F00F49724}.Release|x86.Build.0 = Release|Any CPU
		{1696216A-A349-4E0F-BFEB-385C92DB413F}.Debug|Any CPU.ActiveCfg = Debug|Any CPU
		{1696216A-A349-4E0F-BFEB-385C92DB413F}.Debug|Any CPU.Build.0 = Debug|Any CPU
		{1696216A-A349-4E0F-BFEB-385C92DB413F}.Debug|ARM.ActiveCfg = Debug|Any CPU
		{1696216A-A349-4E0F-BFEB-385C92DB413F}.Debug|ARM.Build.0 = Debug|Any CPU
		{1696216A-A349-4E0F-BFEB-385C92DB413F}.Debug|x64.ActiveCfg = Debug|Any CPU
		{1696216A-A349-4E0F-BFEB-385C92DB413F}.Debug|x64.Build.0 = Debug|Any CPU
		{1696216A-A349-4E0F-BFEB-385C92DB413F}.Debug|x86.ActiveCfg = Debug|Any CPU
		{1696216A-A349-4E0F-BFEB-385C92DB413F}.Debug|x86.Build.0 = Debug|Any CPU
		{1696216A-A349-4E0F-BFEB-385C92DB413F}.Release|Any CPU.ActiveCfg = Release|Any CPU
		{1696216A-A349-4E0F-BFEB-385C92DB413F}.Release|Any CPU.Build.0 = Release|Any CPU
		{1696216A-A349-4E0F-BFEB-385C92DB413F}.Release|ARM.ActiveCfg = Release|Any CPU
		{1696216A-A349-4E0F-BFEB-385C92DB413F}.Release|ARM.Build.0 = Release|Any CPU
		{1696216A-A349-4E0F-BFEB-385C92DB413F}.Release|x64.ActiveCfg = Release|Any CPU
		{1696216A-A349-4E0F-BFEB-385C92DB413F}.Release|x64.Build.0 = Release|Any CPU
		{1696216A-A349-4E0F-BFEB-385C92DB413F}.Release|x86.ActiveCfg = Release|Any CPU
		{1696216A-A349-4E0F-BFEB-385C92DB413F}.Release|x86.Build.0 = Release|Any CPU
		{DF87C47F-11A3-4DF8-81CE-6DA8518FA669}.Debug|Any CPU.ActiveCfg = Debug|Any CPU
		{DF87C47F-11A3-4DF8-81CE-6DA8518FA669}.Debug|Any CPU.Build.0 = Debug|Any CPU
		{DF87C47F-11A3-4DF8-81CE-6DA8518FA669}.Debug|ARM.ActiveCfg = Debug|Any CPU
		{DF87C47F-11A3-4DF8-81CE-6DA8518FA669}.Debug|ARM.Build.0 = Debug|Any CPU
		{DF87C47F-11A3-4DF8-81CE-6DA8518FA669}.Debug|x64.ActiveCfg = Debug|Any CPU
		{DF87C47F-11A3-4DF8-81CE-6DA8518FA669}.Debug|x64.Build.0 = Debug|Any CPU
		{DF87C47F-11A3-4DF8-81CE-6DA8518FA669}.Debug|x86.ActiveCfg = Debug|Any CPU
		{DF87C47F-11A3-4DF8-81CE-6DA8518FA669}.Debug|x86.Build.0 = Debug|Any CPU
		{DF87C47F-11A3-4DF8-81CE-6DA8518FA669}.Release|Any CPU.ActiveCfg = Release|Any CPU
		{DF87C47F-11A3-4DF8-81CE-6DA8518FA669}.Release|Any CPU.Build.0 = Release|Any CPU
		{DF87C47F-11A3-4DF8-81CE-6DA8518FA669}.Release|ARM.ActiveCfg = Release|Any CPU
		{DF87C47F-11A3-4DF8-81CE-6DA8518FA669}.Release|ARM.Build.0 = Release|Any CPU
		{DF87C47F-11A3-4DF8-81CE-6DA8518FA669}.Release|x64.ActiveCfg = Release|Any CPU
		{DF87C47F-11A3-4DF8-81CE-6DA8518FA669}.Release|x64.Build.0 = Release|Any CPU
		{DF87C47F-11A3-4DF8-81CE-6DA8518FA669}.Release|x86.ActiveCfg = Release|Any CPU
		{DF87C47F-11A3-4DF8-81CE-6DA8518FA669}.Release|x86.Build.0 = Release|Any CPU
		{7BD9D22E-1B9F-42D3-8D83-B89E49044ECD}.Debug|Any CPU.ActiveCfg = Debug|Any CPU
		{7BD9D22E-1B9F-42D3-8D83-B89E49044ECD}.Debug|Any CPU.Build.0 = Debug|Any CPU
		{7BD9D22E-1B9F-42D3-8D83-B89E49044ECD}.Debug|ARM.ActiveCfg = Debug|Any CPU
		{7BD9D22E-1B9F-42D3-8D83-B89E49044ECD}.Debug|ARM.Build.0 = Debug|Any CPU
		{7BD9D22E-1B9F-42D3-8D83-B89E49044ECD}.Debug|x64.ActiveCfg = Debug|Any CPU
		{7BD9D22E-1B9F-42D3-8D83-B89E49044ECD}.Debug|x64.Build.0 = Debug|Any CPU
		{7BD9D22E-1B9F-42D3-8D83-B89E49044ECD}.Debug|x86.ActiveCfg = Debug|Any CPU
		{7BD9D22E-1B9F-42D3-8D83-B89E49044ECD}.Debug|x86.Build.0 = Debug|Any CPU
		{7BD9D22E-1B9F-42D3-8D83-B89E49044ECD}.Release|Any CPU.ActiveCfg = Release|Any CPU
		{7BD9D22E-1B9F-42D3-8D83-B89E49044ECD}.Release|Any CPU.Build.0 = Release|Any CPU
		{7BD9D22E-1B9F-42D3-8D83-B89E49044ECD}.Release|ARM.ActiveCfg = Release|Any CPU
		{7BD9D22E-1B9F-42D3-8D83-B89E49044ECD}.Release|ARM.Build.0 = Release|Any CPU
		{7BD9D22E-1B9F-42D3-8D83-B89E49044ECD}.Release|x64.ActiveCfg = Release|Any CPU
		{7BD9D22E-1B9F-42D3-8D83-B89E49044ECD}.Release|x64.Build.0 = Release|Any CPU
		{7BD9D22E-1B9F-42D3-8D83-B89E49044ECD}.Release|x86.ActiveCfg = Release|Any CPU
		{7BD9D22E-1B9F-42D3-8D83-B89E49044ECD}.Release|x86.Build.0 = Release|Any CPU
		{700B8A4C-4E0B-41EE-93AF-E815FCDBA1A2}.Debug|Any CPU.ActiveCfg = Debug|Any CPU
		{700B8A4C-4E0B-41EE-93AF-E815FCDBA1A2}.Debug|Any CPU.Build.0 = Debug|Any CPU
		{700B8A4C-4E0B-41EE-93AF-E815FCDBA1A2}.Debug|ARM.ActiveCfg = Debug|Any CPU
		{700B8A4C-4E0B-41EE-93AF-E815FCDBA1A2}.Debug|ARM.Build.0 = Debug|Any CPU
		{700B8A4C-4E0B-41EE-93AF-E815FCDBA1A2}.Debug|x64.ActiveCfg = Debug|Any CPU
		{700B8A4C-4E0B-41EE-93AF-E815FCDBA1A2}.Debug|x64.Build.0 = Debug|Any CPU
		{700B8A4C-4E0B-41EE-93AF-E815FCDBA1A2}.Debug|x86.ActiveCfg = Debug|Any CPU
		{700B8A4C-4E0B-41EE-93AF-E815FCDBA1A2}.Debug|x86.Build.0 = Debug|Any CPU
		{700B8A4C-4E0B-41EE-93AF-E815FCDBA1A2}.Release|Any CPU.ActiveCfg = Release|Any CPU
		{700B8A4C-4E0B-41EE-93AF-E815FCDBA1A2}.Release|Any CPU.Build.0 = Release|Any CPU
		{700B8A4C-4E0B-41EE-93AF-E815FCDBA1A2}.Release|ARM.ActiveCfg = Release|Any CPU
		{700B8A4C-4E0B-41EE-93AF-E815FCDBA1A2}.Release|ARM.Build.0 = Release|Any CPU
		{700B8A4C-4E0B-41EE-93AF-E815FCDBA1A2}.Release|x64.ActiveCfg = Release|Any CPU
		{700B8A4C-4E0B-41EE-93AF-E815FCDBA1A2}.Release|x64.Build.0 = Release|Any CPU
		{700B8A4C-4E0B-41EE-93AF-E815FCDBA1A2}.Release|x86.ActiveCfg = Release|Any CPU
		{700B8A4C-4E0B-41EE-93AF-E815FCDBA1A2}.Release|x86.Build.0 = Release|Any CPU
		{C882F15F-5DDB-4D22-B18F-BB012A5F0690}.Debug|Any CPU.ActiveCfg = Debug|Any CPU
		{C882F15F-5DDB-4D22-B18F-BB012A5F0690}.Debug|Any CPU.Build.0 = Debug|Any CPU
		{C882F15F-5DDB-4D22-B18F-BB012A5F0690}.Debug|ARM.ActiveCfg = Debug|Any CPU
		{C882F15F-5DDB-4D22-B18F-BB012A5F0690}.Debug|ARM.Build.0 = Debug|Any CPU
		{C882F15F-5DDB-4D22-B18F-BB012A5F0690}.Debug|x64.ActiveCfg = Debug|Any CPU
		{C882F15F-5DDB-4D22-B18F-BB012A5F0690}.Debug|x64.Build.0 = Debug|Any CPU
		{C882F15F-5DDB-4D22-B18F-BB012A5F0690}.Debug|x86.ActiveCfg = Debug|Any CPU
		{C882F15F-5DDB-4D22-B18F-BB012A5F0690}.Debug|x86.Build.0 = Debug|Any CPU
		{C882F15F-5DDB-4D22-B18F-BB012A5F0690}.Release|Any CPU.ActiveCfg = Release|Any CPU
		{C882F15F-5DDB-4D22-B18F-BB012A5F0690}.Release|Any CPU.Build.0 = Release|Any CPU
		{C882F15F-5DDB-4D22-B18F-BB012A5F0690}.Release|ARM.ActiveCfg = Release|Any CPU
		{C882F15F-5DDB-4D22-B18F-BB012A5F0690}.Release|ARM.Build.0 = Release|Any CPU
		{C882F15F-5DDB-4D22-B18F-BB012A5F0690}.Release|x64.ActiveCfg = Release|Any CPU
		{C882F15F-5DDB-4D22-B18F-BB012A5F0690}.Release|x64.Build.0 = Release|Any CPU
		{C882F15F-5DDB-4D22-B18F-BB012A5F0690}.Release|x86.ActiveCfg = Release|Any CPU
		{C882F15F-5DDB-4D22-B18F-BB012A5F0690}.Release|x86.Build.0 = Release|Any CPU
		{6A73874E-1BB4-4897-861C-E5871567C1FB}.Debug|Any CPU.ActiveCfg = Debug|Any CPU
		{6A73874E-1BB4-4897-861C-E5871567C1FB}.Debug|Any CPU.Build.0 = Debug|Any CPU
		{6A73874E-1BB4-4897-861C-E5871567C1FB}.Debug|ARM.ActiveCfg = Debug|Any CPU
		{6A73874E-1BB4-4897-861C-E5871567C1FB}.Debug|ARM.Build.0 = Debug|Any CPU
		{6A73874E-1BB4-4897-861C-E5871567C1FB}.Debug|x64.ActiveCfg = Debug|Any CPU
		{6A73874E-1BB4-4897-861C-E5871567C1FB}.Debug|x64.Build.0 = Debug|Any CPU
		{6A73874E-1BB4-4897-861C-E5871567C1FB}.Debug|x86.ActiveCfg = Debug|Any CPU
		{6A73874E-1BB4-4897-861C-E5871567C1FB}.Debug|x86.Build.0 = Debug|Any CPU
		{6A73874E-1BB4-4897-861C-E5871567C1FB}.Release|Any CPU.ActiveCfg = Release|Any CPU
		{6A73874E-1BB4-4897-861C-E5871567C1FB}.Release|Any CPU.Build.0 = Release|Any CPU
		{6A73874E-1BB4-4897-861C-E5871567C1FB}.Release|ARM.ActiveCfg = Release|Any CPU
		{6A73874E-1BB4-4897-861C-E5871567C1FB}.Release|ARM.Build.0 = Release|Any CPU
		{6A73874E-1BB4-4897-861C-E5871567C1FB}.Release|x64.ActiveCfg = Release|Any CPU
		{6A73874E-1BB4-4897-861C-E5871567C1FB}.Release|x64.Build.0 = Release|Any CPU
		{6A73874E-1BB4-4897-861C-E5871567C1FB}.Release|x86.ActiveCfg = Release|Any CPU
		{6A73874E-1BB4-4897-861C-E5871567C1FB}.Release|x86.Build.0 = Release|Any CPU
		{F68322A0-6A4A-46C1-B0F0-ED0B96AF9FF0}.Debug|Any CPU.ActiveCfg = Debug|Any CPU
		{F68322A0-6A4A-46C1-B0F0-ED0B96AF9FF0}.Debug|Any CPU.Build.0 = Debug|Any CPU
		{F68322A0-6A4A-46C1-B0F0-ED0B96AF9FF0}.Debug|ARM.ActiveCfg = Debug|Any CPU
		{F68322A0-6A4A-46C1-B0F0-ED0B96AF9FF0}.Debug|ARM.Build.0 = Debug|Any CPU
		{F68322A0-6A4A-46C1-B0F0-ED0B96AF9FF0}.Debug|x64.ActiveCfg = Debug|Any CPU
		{F68322A0-6A4A-46C1-B0F0-ED0B96AF9FF0}.Debug|x64.Build.0 = Debug|Any CPU
		{F68322A0-6A4A-46C1-B0F0-ED0B96AF9FF0}.Debug|x86.ActiveCfg = Debug|Any CPU
		{F68322A0-6A4A-46C1-B0F0-ED0B96AF9FF0}.Debug|x86.Build.0 = Debug|Any CPU
		{F68322A0-6A4A-46C1-B0F0-ED0B96AF9FF0}.Release|Any CPU.ActiveCfg = Release|Any CPU
		{F68322A0-6A4A-46C1-B0F0-ED0B96AF9FF0}.Release|Any CPU.Build.0 = Release|Any CPU
		{F68322A0-6A4A-46C1-B0F0-ED0B96AF9FF0}.Release|ARM.ActiveCfg = Release|Any CPU
		{F68322A0-6A4A-46C1-B0F0-ED0B96AF9FF0}.Release|ARM.Build.0 = Release|Any CPU
		{F68322A0-6A4A-46C1-B0F0-ED0B96AF9FF0}.Release|x64.ActiveCfg = Release|Any CPU
		{F68322A0-6A4A-46C1-B0F0-ED0B96AF9FF0}.Release|x64.Build.0 = Release|Any CPU
		{F68322A0-6A4A-46C1-B0F0-ED0B96AF9FF0}.Release|x86.ActiveCfg = Release|Any CPU
		{F68322A0-6A4A-46C1-B0F0-ED0B96AF9FF0}.Release|x86.Build.0 = Release|Any CPU
		{481C70AE-19B3-4603-A3C1-6287764B53B0}.Debug|Any CPU.ActiveCfg = Debug|Any CPU
		{481C70AE-19B3-4603-A3C1-6287764B53B0}.Debug|Any CPU.Build.0 = Debug|Any CPU
		{481C70AE-19B3-4603-A3C1-6287764B53B0}.Debug|ARM.ActiveCfg = Debug|Any CPU
		{481C70AE-19B3-4603-A3C1-6287764B53B0}.Debug|ARM.Build.0 = Debug|Any CPU
		{481C70AE-19B3-4603-A3C1-6287764B53B0}.Debug|x64.ActiveCfg = Debug|Any CPU
		{481C70AE-19B3-4603-A3C1-6287764B53B0}.Debug|x64.Build.0 = Debug|Any CPU
		{481C70AE-19B3-4603-A3C1-6287764B53B0}.Debug|x86.ActiveCfg = Debug|Any CPU
		{481C70AE-19B3-4603-A3C1-6287764B53B0}.Debug|x86.Build.0 = Debug|Any CPU
		{481C70AE-19B3-4603-A3C1-6287764B53B0}.Release|Any CPU.ActiveCfg = Release|Any CPU
		{481C70AE-19B3-4603-A3C1-6287764B53B0}.Release|Any CPU.Build.0 = Release|Any CPU
		{481C70AE-19B3-4603-A3C1-6287764B53B0}.Release|ARM.ActiveCfg = Release|Any CPU
		{481C70AE-19B3-4603-A3C1-6287764B53B0}.Release|ARM.Build.0 = Release|Any CPU
		{481C70AE-19B3-4603-A3C1-6287764B53B0}.Release|x64.ActiveCfg = Release|Any CPU
		{481C70AE-19B3-4603-A3C1-6287764B53B0}.Release|x64.Build.0 = Release|Any CPU
		{481C70AE-19B3-4603-A3C1-6287764B53B0}.Release|x86.ActiveCfg = Release|Any CPU
		{481C70AE-19B3-4603-A3C1-6287764B53B0}.Release|x86.Build.0 = Release|Any CPU
		{BC584447-F6AF-46D1-9861-C6EE7AF1C1A6}.Debug|Any CPU.ActiveCfg = Debug|Any CPU
		{BC584447-F6AF-46D1-9861-C6EE7AF1C1A6}.Debug|Any CPU.Build.0 = Debug|Any CPU
		{BC584447-F6AF-46D1-9861-C6EE7AF1C1A6}.Debug|ARM.ActiveCfg = Debug|Any CPU
		{BC584447-F6AF-46D1-9861-C6EE7AF1C1A6}.Debug|ARM.Build.0 = Debug|Any CPU
		{BC584447-F6AF-46D1-9861-C6EE7AF1C1A6}.Debug|x64.ActiveCfg = Debug|Any CPU
		{BC584447-F6AF-46D1-9861-C6EE7AF1C1A6}.Debug|x64.Build.0 = Debug|Any CPU
		{BC584447-F6AF-46D1-9861-C6EE7AF1C1A6}.Debug|x86.ActiveCfg = Debug|Any CPU
		{BC584447-F6AF-46D1-9861-C6EE7AF1C1A6}.Debug|x86.Build.0 = Debug|Any CPU
		{BC584447-F6AF-46D1-9861-C6EE7AF1C1A6}.Release|Any CPU.ActiveCfg = Release|Any CPU
		{BC584447-F6AF-46D1-9861-C6EE7AF1C1A6}.Release|Any CPU.Build.0 = Release|Any CPU
		{BC584447-F6AF-46D1-9861-C6EE7AF1C1A6}.Release|ARM.ActiveCfg = Release|Any CPU
		{BC584447-F6AF-46D1-9861-C6EE7AF1C1A6}.Release|ARM.Build.0 = Release|Any CPU
		{BC584447-F6AF-46D1-9861-C6EE7AF1C1A6}.Release|x64.ActiveCfg = Release|Any CPU
		{BC584447-F6AF-46D1-9861-C6EE7AF1C1A6}.Release|x64.Build.0 = Release|Any CPU
		{BC584447-F6AF-46D1-9861-C6EE7AF1C1A6}.Release|x86.ActiveCfg = Release|Any CPU
		{BC584447-F6AF-46D1-9861-C6EE7AF1C1A6}.Release|x86.Build.0 = Release|Any CPU
		{945CC96F-13EB-4F84-B0E5-DF47800ACBF6}.Debug|Any CPU.ActiveCfg = Debug|Any CPU
		{945CC96F-13EB-4F84-B0E5-DF47800ACBF6}.Debug|Any CPU.Build.0 = Debug|Any CPU
		{945CC96F-13EB-4F84-B0E5-DF47800ACBF6}.Debug|ARM.ActiveCfg = Debug|Any CPU
		{945CC96F-13EB-4F84-B0E5-DF47800ACBF6}.Debug|ARM.Build.0 = Debug|Any CPU
		{945CC96F-13EB-4F84-B0E5-DF47800ACBF6}.Debug|x64.ActiveCfg = Debug|Any CPU
		{945CC96F-13EB-4F84-B0E5-DF47800ACBF6}.Debug|x64.Build.0 = Debug|Any CPU
		{945CC96F-13EB-4F84-B0E5-DF47800ACBF6}.Debug|x86.ActiveCfg = Debug|Any CPU
		{945CC96F-13EB-4F84-B0E5-DF47800ACBF6}.Debug|x86.Build.0 = Debug|Any CPU
		{945CC96F-13EB-4F84-B0E5-DF47800ACBF6}.Release|Any CPU.ActiveCfg = Release|Any CPU
		{945CC96F-13EB-4F84-B0E5-DF47800ACBF6}.Release|Any CPU.Build.0 = Release|Any CPU
		{945CC96F-13EB-4F84-B0E5-DF47800ACBF6}.Release|ARM.ActiveCfg = Release|Any CPU
		{945CC96F-13EB-4F84-B0E5-DF47800ACBF6}.Release|ARM.Build.0 = Release|Any CPU
		{945CC96F-13EB-4F84-B0E5-DF47800ACBF6}.Release|x64.ActiveCfg = Release|Any CPU
		{945CC96F-13EB-4F84-B0E5-DF47800ACBF6}.Release|x64.Build.0 = Release|Any CPU
		{945CC96F-13EB-4F84-B0E5-DF47800ACBF6}.Release|x86.ActiveCfg = Release|Any CPU
		{945CC96F-13EB-4F84-B0E5-DF47800ACBF6}.Release|x86.Build.0 = Release|Any CPU
		{EAB4D72F-BC03-45B6-8621-215AD9EECDF8}.Debug|Any CPU.ActiveCfg = Debug|Any CPU
		{EAB4D72F-BC03-45B6-8621-215AD9EECDF8}.Debug|Any CPU.Build.0 = Debug|Any CPU
		{EAB4D72F-BC03-45B6-8621-215AD9EECDF8}.Debug|ARM.ActiveCfg = Debug|Any CPU
		{EAB4D72F-BC03-45B6-8621-215AD9EECDF8}.Debug|ARM.Build.0 = Debug|Any CPU
		{EAB4D72F-BC03-45B6-8621-215AD9EECDF8}.Debug|x64.ActiveCfg = Debug|Any CPU
		{EAB4D72F-BC03-45B6-8621-215AD9EECDF8}.Debug|x64.Build.0 = Debug|Any CPU
		{EAB4D72F-BC03-45B6-8621-215AD9EECDF8}.Debug|x86.ActiveCfg = Debug|Any CPU
		{EAB4D72F-BC03-45B6-8621-215AD9EECDF8}.Debug|x86.Build.0 = Debug|Any CPU
		{EAB4D72F-BC03-45B6-8621-215AD9EECDF8}.Release|Any CPU.ActiveCfg = Release|Any CPU
		{EAB4D72F-BC03-45B6-8621-215AD9EECDF8}.Release|Any CPU.Build.0 = Release|Any CPU
		{EAB4D72F-BC03-45B6-8621-215AD9EECDF8}.Release|ARM.ActiveCfg = Release|Any CPU
		{EAB4D72F-BC03-45B6-8621-215AD9EECDF8}.Release|ARM.Build.0 = Release|Any CPU
		{EAB4D72F-BC03-45B6-8621-215AD9EECDF8}.Release|x64.ActiveCfg = Release|Any CPU
		{EAB4D72F-BC03-45B6-8621-215AD9EECDF8}.Release|x64.Build.0 = Release|Any CPU
		{EAB4D72F-BC03-45B6-8621-215AD9EECDF8}.Release|x86.ActiveCfg = Release|Any CPU
		{EAB4D72F-BC03-45B6-8621-215AD9EECDF8}.Release|x86.Build.0 = Release|Any CPU
		{9C9C8EB6-784E-45F0-8EC6-C6FA98A77066}.Debug|Any CPU.ActiveCfg = Debug|Any CPU
		{9C9C8EB6-784E-45F0-8EC6-C6FA98A77066}.Debug|Any CPU.Build.0 = Debug|Any CPU
		{9C9C8EB6-784E-45F0-8EC6-C6FA98A77066}.Debug|ARM.ActiveCfg = Debug|Any CPU
		{9C9C8EB6-784E-45F0-8EC6-C6FA98A77066}.Debug|ARM.Build.0 = Debug|Any CPU
		{9C9C8EB6-784E-45F0-8EC6-C6FA98A77066}.Debug|x64.ActiveCfg = Debug|Any CPU
		{9C9C8EB6-784E-45F0-8EC6-C6FA98A77066}.Debug|x64.Build.0 = Debug|Any CPU
		{9C9C8EB6-784E-45F0-8EC6-C6FA98A77066}.Debug|x86.ActiveCfg = Debug|Any CPU
		{9C9C8EB6-784E-45F0-8EC6-C6FA98A77066}.Debug|x86.Build.0 = Debug|Any CPU
		{9C9C8EB6-784E-45F0-8EC6-C6FA98A77066}.Release|Any CPU.ActiveCfg = Release|Any CPU
		{9C9C8EB6-784E-45F0-8EC6-C6FA98A77066}.Release|Any CPU.Build.0 = Release|Any CPU
		{9C9C8EB6-784E-45F0-8EC6-C6FA98A77066}.Release|ARM.ActiveCfg = Release|Any CPU
		{9C9C8EB6-784E-45F0-8EC6-C6FA98A77066}.Release|ARM.Build.0 = Release|Any CPU
		{9C9C8EB6-784E-45F0-8EC6-C6FA98A77066}.Release|x64.ActiveCfg = Release|Any CPU
		{9C9C8EB6-784E-45F0-8EC6-C6FA98A77066}.Release|x64.Build.0 = Release|Any CPU
		{9C9C8EB6-784E-45F0-8EC6-C6FA98A77066}.Release|x86.ActiveCfg = Release|Any CPU
		{9C9C8EB6-784E-45F0-8EC6-C6FA98A77066}.Release|x86.Build.0 = Release|Any CPU
		{23F77967-F411-4EB4-B95D-A8AB15EBB812}.Debug|Any CPU.ActiveCfg = Debug|Any CPU
		{23F77967-F411-4EB4-B95D-A8AB15EBB812}.Debug|Any CPU.Build.0 = Debug|Any CPU
		{23F77967-F411-4EB4-B95D-A8AB15EBB812}.Debug|ARM.ActiveCfg = Debug|Any CPU
		{23F77967-F411-4EB4-B95D-A8AB15EBB812}.Debug|ARM.Build.0 = Debug|Any CPU
		{23F77967-F411-4EB4-B95D-A8AB15EBB812}.Debug|x64.ActiveCfg = Debug|Any CPU
		{23F77967-F411-4EB4-B95D-A8AB15EBB812}.Debug|x64.Build.0 = Debug|Any CPU
		{23F77967-F411-4EB4-B95D-A8AB15EBB812}.Debug|x86.ActiveCfg = Debug|Any CPU
		{23F77967-F411-4EB4-B95D-A8AB15EBB812}.Debug|x86.Build.0 = Debug|Any CPU
		{23F77967-F411-4EB4-B95D-A8AB15EBB812}.Release|Any CPU.ActiveCfg = Release|Any CPU
		{23F77967-F411-4EB4-B95D-A8AB15EBB812}.Release|Any CPU.Build.0 = Release|Any CPU
		{23F77967-F411-4EB4-B95D-A8AB15EBB812}.Release|ARM.ActiveCfg = Release|Any CPU
		{23F77967-F411-4EB4-B95D-A8AB15EBB812}.Release|ARM.Build.0 = Release|Any CPU
		{23F77967-F411-4EB4-B95D-A8AB15EBB812}.Release|x64.ActiveCfg = Release|Any CPU
		{23F77967-F411-4EB4-B95D-A8AB15EBB812}.Release|x64.Build.0 = Release|Any CPU
		{23F77967-F411-4EB4-B95D-A8AB15EBB812}.Release|x86.ActiveCfg = Release|Any CPU
		{23F77967-F411-4EB4-B95D-A8AB15EBB812}.Release|x86.Build.0 = Release|Any CPU
		{018D1136-1BE0-4F15-BAF2-70D4A477C4C5}.Debug|Any CPU.ActiveCfg = Debug|Any CPU
		{018D1136-1BE0-4F15-BAF2-70D4A477C4C5}.Debug|Any CPU.Build.0 = Debug|Any CPU
		{018D1136-1BE0-4F15-BAF2-70D4A477C4C5}.Debug|ARM.ActiveCfg = Debug|Any CPU
		{018D1136-1BE0-4F15-BAF2-70D4A477C4C5}.Debug|ARM.Build.0 = Debug|Any CPU
		{018D1136-1BE0-4F15-BAF2-70D4A477C4C5}.Debug|x64.ActiveCfg = Debug|Any CPU
		{018D1136-1BE0-4F15-BAF2-70D4A477C4C5}.Debug|x64.Build.0 = Debug|Any CPU
		{018D1136-1BE0-4F15-BAF2-70D4A477C4C5}.Debug|x86.ActiveCfg = Debug|Any CPU
		{018D1136-1BE0-4F15-BAF2-70D4A477C4C5}.Debug|x86.Build.0 = Debug|Any CPU
		{018D1136-1BE0-4F15-BAF2-70D4A477C4C5}.Release|Any CPU.ActiveCfg = Release|Any CPU
		{018D1136-1BE0-4F15-BAF2-70D4A477C4C5}.Release|Any CPU.Build.0 = Release|Any CPU
		{018D1136-1BE0-4F15-BAF2-70D4A477C4C5}.Release|ARM.ActiveCfg = Release|Any CPU
		{018D1136-1BE0-4F15-BAF2-70D4A477C4C5}.Release|ARM.Build.0 = Release|Any CPU
		{018D1136-1BE0-4F15-BAF2-70D4A477C4C5}.Release|x64.ActiveCfg = Release|Any CPU
		{018D1136-1BE0-4F15-BAF2-70D4A477C4C5}.Release|x64.Build.0 = Release|Any CPU
		{018D1136-1BE0-4F15-BAF2-70D4A477C4C5}.Release|x86.ActiveCfg = Release|Any CPU
		{018D1136-1BE0-4F15-BAF2-70D4A477C4C5}.Release|x86.Build.0 = Release|Any CPU
		{A34321F4-4733-477D-8187-7A0AFD130E31}.Debug|Any CPU.ActiveCfg = Debug|Any CPU
		{A34321F4-4733-477D-8187-7A0AFD130E31}.Debug|Any CPU.Build.0 = Debug|Any CPU
		{A34321F4-4733-477D-8187-7A0AFD130E31}.Debug|ARM.ActiveCfg = Debug|Any CPU
		{A34321F4-4733-477D-8187-7A0AFD130E31}.Debug|ARM.Build.0 = Debug|Any CPU
		{A34321F4-4733-477D-8187-7A0AFD130E31}.Debug|x64.ActiveCfg = Debug|Any CPU
		{A34321F4-4733-477D-8187-7A0AFD130E31}.Debug|x64.Build.0 = Debug|Any CPU
		{A34321F4-4733-477D-8187-7A0AFD130E31}.Debug|x86.ActiveCfg = Debug|Any CPU
		{A34321F4-4733-477D-8187-7A0AFD130E31}.Debug|x86.Build.0 = Debug|Any CPU
		{A34321F4-4733-477D-8187-7A0AFD130E31}.Release|Any CPU.ActiveCfg = Release|Any CPU
		{A34321F4-4733-477D-8187-7A0AFD130E31}.Release|Any CPU.Build.0 = Release|Any CPU
		{A34321F4-4733-477D-8187-7A0AFD130E31}.Release|ARM.ActiveCfg = Release|Any CPU
		{A34321F4-4733-477D-8187-7A0AFD130E31}.Release|ARM.Build.0 = Release|Any CPU
		{A34321F4-4733-477D-8187-7A0AFD130E31}.Release|x64.ActiveCfg = Release|Any CPU
		{A34321F4-4733-477D-8187-7A0AFD130E31}.Release|x64.Build.0 = Release|Any CPU
		{A34321F4-4733-477D-8187-7A0AFD130E31}.Release|x86.ActiveCfg = Release|Any CPU
		{A34321F4-4733-477D-8187-7A0AFD130E31}.Release|x86.Build.0 = Release|Any CPU
		{4673A748-7C04-4753-9A60-C421A611EA19}.Debug|Any CPU.ActiveCfg = Debug|Any CPU
		{4673A748-7C04-4753-9A60-C421A611EA19}.Debug|Any CPU.Build.0 = Debug|Any CPU
		{4673A748-7C04-4753-9A60-C421A611EA19}.Debug|ARM.ActiveCfg = Debug|Any CPU
		{4673A748-7C04-4753-9A60-C421A611EA19}.Debug|ARM.Build.0 = Debug|Any CPU
		{4673A748-7C04-4753-9A60-C421A611EA19}.Debug|x64.ActiveCfg = Debug|Any CPU
		{4673A748-7C04-4753-9A60-C421A611EA19}.Debug|x64.Build.0 = Debug|Any CPU
		{4673A748-7C04-4753-9A60-C421A611EA19}.Debug|x86.ActiveCfg = Debug|Any CPU
		{4673A748-7C04-4753-9A60-C421A611EA19}.Debug|x86.Build.0 = Debug|Any CPU
		{4673A748-7C04-4753-9A60-C421A611EA19}.Release|Any CPU.ActiveCfg = Release|Any CPU
		{4673A748-7C04-4753-9A60-C421A611EA19}.Release|Any CPU.Build.0 = Release|Any CPU
		{4673A748-7C04-4753-9A60-C421A611EA19}.Release|ARM.ActiveCfg = Release|Any CPU
		{4673A748-7C04-4753-9A60-C421A611EA19}.Release|ARM.Build.0 = Release|Any CPU
		{4673A748-7C04-4753-9A60-C421A611EA19}.Release|x64.ActiveCfg = Release|Any CPU
		{4673A748-7C04-4753-9A60-C421A611EA19}.Release|x64.Build.0 = Release|Any CPU
		{4673A748-7C04-4753-9A60-C421A611EA19}.Release|x86.ActiveCfg = Release|Any CPU
		{4673A748-7C04-4753-9A60-C421A611EA19}.Release|x86.Build.0 = Release|Any CPU
		{AC272517-E577-474B-976C-A6A57ABA1DDE}.Debug|Any CPU.ActiveCfg = Debug|Any CPU
		{AC272517-E577-474B-976C-A6A57ABA1DDE}.Debug|Any CPU.Build.0 = Debug|Any CPU
		{AC272517-E577-474B-976C-A6A57ABA1DDE}.Debug|ARM.ActiveCfg = Debug|Any CPU
		{AC272517-E577-474B-976C-A6A57ABA1DDE}.Debug|ARM.Build.0 = Debug|Any CPU
		{AC272517-E577-474B-976C-A6A57ABA1DDE}.Debug|x64.ActiveCfg = Debug|Any CPU
		{AC272517-E577-474B-976C-A6A57ABA1DDE}.Debug|x64.Build.0 = Debug|Any CPU
		{AC272517-E577-474B-976C-A6A57ABA1DDE}.Debug|x86.ActiveCfg = Debug|Any CPU
		{AC272517-E577-474B-976C-A6A57ABA1DDE}.Debug|x86.Build.0 = Debug|Any CPU
		{AC272517-E577-474B-976C-A6A57ABA1DDE}.Release|Any CPU.ActiveCfg = Release|Any CPU
		{AC272517-E577-474B-976C-A6A57ABA1DDE}.Release|Any CPU.Build.0 = Release|Any CPU
		{AC272517-E577-474B-976C-A6A57ABA1DDE}.Release|ARM.ActiveCfg = Release|Any CPU
		{AC272517-E577-474B-976C-A6A57ABA1DDE}.Release|ARM.Build.0 = Release|Any CPU
		{AC272517-E577-474B-976C-A6A57ABA1DDE}.Release|x64.ActiveCfg = Release|Any CPU
		{AC272517-E577-474B-976C-A6A57ABA1DDE}.Release|x64.Build.0 = Release|Any CPU
		{AC272517-E577-474B-976C-A6A57ABA1DDE}.Release|x86.ActiveCfg = Release|Any CPU
		{AC272517-E577-474B-976C-A6A57ABA1DDE}.Release|x86.Build.0 = Release|Any CPU
		{0535BA18-EA50-42C1-9F61-B6BD1F4DD5CD}.Debug|Any CPU.ActiveCfg = Debug|Any CPU
		{0535BA18-EA50-42C1-9F61-B6BD1F4DD5CD}.Debug|Any CPU.Build.0 = Debug|Any CPU
		{0535BA18-EA50-42C1-9F61-B6BD1F4DD5CD}.Debug|ARM.ActiveCfg = Debug|Any CPU
		{0535BA18-EA50-42C1-9F61-B6BD1F4DD5CD}.Debug|ARM.Build.0 = Debug|Any CPU
		{0535BA18-EA50-42C1-9F61-B6BD1F4DD5CD}.Debug|x64.ActiveCfg = Debug|Any CPU
		{0535BA18-EA50-42C1-9F61-B6BD1F4DD5CD}.Debug|x64.Build.0 = Debug|Any CPU
		{0535BA18-EA50-42C1-9F61-B6BD1F4DD5CD}.Debug|x86.ActiveCfg = Debug|Any CPU
		{0535BA18-EA50-42C1-9F61-B6BD1F4DD5CD}.Debug|x86.Build.0 = Debug|Any CPU
		{0535BA18-EA50-42C1-9F61-B6BD1F4DD5CD}.Release|Any CPU.ActiveCfg = Release|Any CPU
		{0535BA18-EA50-42C1-9F61-B6BD1F4DD5CD}.Release|Any CPU.Build.0 = Release|Any CPU
		{0535BA18-EA50-42C1-9F61-B6BD1F4DD5CD}.Release|ARM.ActiveCfg = Release|Any CPU
		{0535BA18-EA50-42C1-9F61-B6BD1F4DD5CD}.Release|ARM.Build.0 = Release|Any CPU
		{0535BA18-EA50-42C1-9F61-B6BD1F4DD5CD}.Release|x64.ActiveCfg = Release|Any CPU
		{0535BA18-EA50-42C1-9F61-B6BD1F4DD5CD}.Release|x64.Build.0 = Release|Any CPU
		{0535BA18-EA50-42C1-9F61-B6BD1F4DD5CD}.Release|x86.ActiveCfg = Release|Any CPU
		{0535BA18-EA50-42C1-9F61-B6BD1F4DD5CD}.Release|x86.Build.0 = Release|Any CPU
		{F09DE572-E984-4226-B57B-1141A9848BCB}.Debug|Any CPU.ActiveCfg = Debug|Any CPU
		{F09DE572-E984-4226-B57B-1141A9848BCB}.Debug|Any CPU.Build.0 = Debug|Any CPU
		{F09DE572-E984-4226-B57B-1141A9848BCB}.Debug|ARM.ActiveCfg = Debug|Any CPU
		{F09DE572-E984-4226-B57B-1141A9848BCB}.Debug|ARM.Build.0 = Debug|Any CPU
		{F09DE572-E984-4226-B57B-1141A9848BCB}.Debug|x64.ActiveCfg = Debug|Any CPU
		{F09DE572-E984-4226-B57B-1141A9848BCB}.Debug|x64.Build.0 = Debug|Any CPU
		{F09DE572-E984-4226-B57B-1141A9848BCB}.Debug|x86.ActiveCfg = Debug|Any CPU
		{F09DE572-E984-4226-B57B-1141A9848BCB}.Debug|x86.Build.0 = Debug|Any CPU
		{F09DE572-E984-4226-B57B-1141A9848BCB}.Release|Any CPU.ActiveCfg = Release|Any CPU
		{F09DE572-E984-4226-B57B-1141A9848BCB}.Release|Any CPU.Build.0 = Release|Any CPU
		{F09DE572-E984-4226-B57B-1141A9848BCB}.Release|ARM.ActiveCfg = Release|Any CPU
		{F09DE572-E984-4226-B57B-1141A9848BCB}.Release|ARM.Build.0 = Release|Any CPU
		{F09DE572-E984-4226-B57B-1141A9848BCB}.Release|x64.ActiveCfg = Release|Any CPU
		{F09DE572-E984-4226-B57B-1141A9848BCB}.Release|x64.Build.0 = Release|Any CPU
		{F09DE572-E984-4226-B57B-1141A9848BCB}.Release|x86.ActiveCfg = Release|Any CPU
		{F09DE572-E984-4226-B57B-1141A9848BCB}.Release|x86.Build.0 = Release|Any CPU
		{DCA39440-6CB4-4419-826A-3EEB5BCC1185}.Debug|Any CPU.ActiveCfg = Debug|Any CPU
		{DCA39440-6CB4-4419-826A-3EEB5BCC1185}.Debug|Any CPU.Build.0 = Debug|Any CPU
		{DCA39440-6CB4-4419-826A-3EEB5BCC1185}.Debug|ARM.ActiveCfg = Debug|Any CPU
		{DCA39440-6CB4-4419-826A-3EEB5BCC1185}.Debug|ARM.Build.0 = Debug|Any CPU
		{DCA39440-6CB4-4419-826A-3EEB5BCC1185}.Debug|x64.ActiveCfg = Debug|Any CPU
		{DCA39440-6CB4-4419-826A-3EEB5BCC1185}.Debug|x64.Build.0 = Debug|Any CPU
		{DCA39440-6CB4-4419-826A-3EEB5BCC1185}.Debug|x86.ActiveCfg = Debug|Any CPU
		{DCA39440-6CB4-4419-826A-3EEB5BCC1185}.Debug|x86.Build.0 = Debug|Any CPU
		{DCA39440-6CB4-4419-826A-3EEB5BCC1185}.Release|Any CPU.ActiveCfg = Release|Any CPU
		{DCA39440-6CB4-4419-826A-3EEB5BCC1185}.Release|Any CPU.Build.0 = Release|Any CPU
		{DCA39440-6CB4-4419-826A-3EEB5BCC1185}.Release|ARM.ActiveCfg = Release|Any CPU
		{DCA39440-6CB4-4419-826A-3EEB5BCC1185}.Release|ARM.Build.0 = Release|Any CPU
		{DCA39440-6CB4-4419-826A-3EEB5BCC1185}.Release|x64.ActiveCfg = Release|Any CPU
		{DCA39440-6CB4-4419-826A-3EEB5BCC1185}.Release|x64.Build.0 = Release|Any CPU
		{DCA39440-6CB4-4419-826A-3EEB5BCC1185}.Release|x86.ActiveCfg = Release|Any CPU
		{DCA39440-6CB4-4419-826A-3EEB5BCC1185}.Release|x86.Build.0 = Release|Any CPU
		{E92900DE-AAC6-4A58-83A6-943F274DA89B}.Debug|Any CPU.ActiveCfg = Debug|Any CPU
		{E92900DE-AAC6-4A58-83A6-943F274DA89B}.Debug|Any CPU.Build.0 = Debug|Any CPU
		{E92900DE-AAC6-4A58-83A6-943F274DA89B}.Debug|ARM.ActiveCfg = Debug|Any CPU
		{E92900DE-AAC6-4A58-83A6-943F274DA89B}.Debug|ARM.Build.0 = Debug|Any CPU
		{E92900DE-AAC6-4A58-83A6-943F274DA89B}.Debug|x64.ActiveCfg = Debug|Any CPU
		{E92900DE-AAC6-4A58-83A6-943F274DA89B}.Debug|x64.Build.0 = Debug|Any CPU
		{E92900DE-AAC6-4A58-83A6-943F274DA89B}.Debug|x86.ActiveCfg = Debug|Any CPU
		{E92900DE-AAC6-4A58-83A6-943F274DA89B}.Debug|x86.Build.0 = Debug|Any CPU
		{E92900DE-AAC6-4A58-83A6-943F274DA89B}.Release|Any CPU.ActiveCfg = Release|Any CPU
		{E92900DE-AAC6-4A58-83A6-943F274DA89B}.Release|Any CPU.Build.0 = Release|Any CPU
		{E92900DE-AAC6-4A58-83A6-943F274DA89B}.Release|ARM.ActiveCfg = Release|Any CPU
		{E92900DE-AAC6-4A58-83A6-943F274DA89B}.Release|ARM.Build.0 = Release|Any CPU
		{E92900DE-AAC6-4A58-83A6-943F274DA89B}.Release|x64.ActiveCfg = Release|Any CPU
		{E92900DE-AAC6-4A58-83A6-943F274DA89B}.Release|x64.Build.0 = Release|Any CPU
		{E92900DE-AAC6-4A58-83A6-943F274DA89B}.Release|x86.ActiveCfg = Release|Any CPU
		{E92900DE-AAC6-4A58-83A6-943F274DA89B}.Release|x86.Build.0 = Release|Any CPU
		{71F25E23-8FF3-4712-86FC-B5657BF7FC84}.Debug|Any CPU.ActiveCfg = Debug|Any CPU
		{71F25E23-8FF3-4712-86FC-B5657BF7FC84}.Debug|Any CPU.Build.0 = Debug|Any CPU
		{71F25E23-8FF3-4712-86FC-B5657BF7FC84}.Debug|ARM.ActiveCfg = Debug|Any CPU
		{71F25E23-8FF3-4712-86FC-B5657BF7FC84}.Debug|ARM.Build.0 = Debug|Any CPU
		{71F25E23-8FF3-4712-86FC-B5657BF7FC84}.Debug|x64.ActiveCfg = Debug|Any CPU
		{71F25E23-8FF3-4712-86FC-B5657BF7FC84}.Debug|x64.Build.0 = Debug|Any CPU
		{71F25E23-8FF3-4712-86FC-B5657BF7FC84}.Debug|x86.ActiveCfg = Debug|Any CPU
		{71F25E23-8FF3-4712-86FC-B5657BF7FC84}.Debug|x86.Build.0 = Debug|Any CPU
		{71F25E23-8FF3-4712-86FC-B5657BF7FC84}.Release|Any CPU.ActiveCfg = Release|Any CPU
		{71F25E23-8FF3-4712-86FC-B5657BF7FC84}.Release|Any CPU.Build.0 = Release|Any CPU
		{71F25E23-8FF3-4712-86FC-B5657BF7FC84}.Release|ARM.ActiveCfg = Release|Any CPU
		{71F25E23-8FF3-4712-86FC-B5657BF7FC84}.Release|ARM.Build.0 = Release|Any CPU
		{71F25E23-8FF3-4712-86FC-B5657BF7FC84}.Release|x64.ActiveCfg = Release|Any CPU
		{71F25E23-8FF3-4712-86FC-B5657BF7FC84}.Release|x64.Build.0 = Release|Any CPU
		{71F25E23-8FF3-4712-86FC-B5657BF7FC84}.Release|x86.ActiveCfg = Release|Any CPU
		{71F25E23-8FF3-4712-86FC-B5657BF7FC84}.Release|x86.Build.0 = Release|Any CPU
		{78888642-3CE7-47F5-8E86-1BCB83A8694B}.Debug|Any CPU.ActiveCfg = Debug|Any CPU
		{78888642-3CE7-47F5-8E86-1BCB83A8694B}.Debug|Any CPU.Build.0 = Debug|Any CPU
		{78888642-3CE7-47F5-8E86-1BCB83A8694B}.Debug|ARM.ActiveCfg = Debug|Any CPU
		{78888642-3CE7-47F5-8E86-1BCB83A8694B}.Debug|ARM.Build.0 = Debug|Any CPU
		{78888642-3CE7-47F5-8E86-1BCB83A8694B}.Debug|x64.ActiveCfg = Debug|Any CPU
		{78888642-3CE7-47F5-8E86-1BCB83A8694B}.Debug|x64.Build.0 = Debug|Any CPU
		{78888642-3CE7-47F5-8E86-1BCB83A8694B}.Debug|x86.ActiveCfg = Debug|Any CPU
		{78888642-3CE7-47F5-8E86-1BCB83A8694B}.Debug|x86.Build.0 = Debug|Any CPU
		{78888642-3CE7-47F5-8E86-1BCB83A8694B}.Release|Any CPU.ActiveCfg = Release|Any CPU
		{78888642-3CE7-47F5-8E86-1BCB83A8694B}.Release|Any CPU.Build.0 = Release|Any CPU
		{78888642-3CE7-47F5-8E86-1BCB83A8694B}.Release|ARM.ActiveCfg = Release|Any CPU
		{78888642-3CE7-47F5-8E86-1BCB83A8694B}.Release|ARM.Build.0 = Release|Any CPU
		{78888642-3CE7-47F5-8E86-1BCB83A8694B}.Release|x64.ActiveCfg = Release|Any CPU
		{78888642-3CE7-47F5-8E86-1BCB83A8694B}.Release|x64.Build.0 = Release|Any CPU
		{78888642-3CE7-47F5-8E86-1BCB83A8694B}.Release|x86.ActiveCfg = Release|Any CPU
		{78888642-3CE7-47F5-8E86-1BCB83A8694B}.Release|x86.Build.0 = Release|Any CPU
		{D92C6E75-381E-46C3-B17E-0DC356824A40}.Debug|Any CPU.ActiveCfg = Debug|Any CPU
		{D92C6E75-381E-46C3-B17E-0DC356824A40}.Debug|Any CPU.Build.0 = Debug|Any CPU
		{D92C6E75-381E-46C3-B17E-0DC356824A40}.Debug|ARM.ActiveCfg = Debug|Any CPU
		{D92C6E75-381E-46C3-B17E-0DC356824A40}.Debug|ARM.Build.0 = Debug|Any CPU
		{D92C6E75-381E-46C3-B17E-0DC356824A40}.Debug|x64.ActiveCfg = Debug|Any CPU
		{D92C6E75-381E-46C3-B17E-0DC356824A40}.Debug|x64.Build.0 = Debug|Any CPU
		{D92C6E75-381E-46C3-B17E-0DC356824A40}.Debug|x86.ActiveCfg = Debug|Any CPU
		{D92C6E75-381E-46C3-B17E-0DC356824A40}.Debug|x86.Build.0 = Debug|Any CPU
		{D92C6E75-381E-46C3-B17E-0DC356824A40}.Release|Any CPU.ActiveCfg = Release|Any CPU
		{D92C6E75-381E-46C3-B17E-0DC356824A40}.Release|Any CPU.Build.0 = Release|Any CPU
		{D92C6E75-381E-46C3-B17E-0DC356824A40}.Release|ARM.ActiveCfg = Release|Any CPU
		{D92C6E75-381E-46C3-B17E-0DC356824A40}.Release|ARM.Build.0 = Release|Any CPU
		{D92C6E75-381E-46C3-B17E-0DC356824A40}.Release|x64.ActiveCfg = Release|Any CPU
		{D92C6E75-381E-46C3-B17E-0DC356824A40}.Release|x64.Build.0 = Release|Any CPU
		{D92C6E75-381E-46C3-B17E-0DC356824A40}.Release|x86.ActiveCfg = Release|Any CPU
		{D92C6E75-381E-46C3-B17E-0DC356824A40}.Release|x86.Build.0 = Release|Any CPU
		{851E396C-7766-4774-84C2-20D6776B96B9}.Debug|Any CPU.ActiveCfg = Debug|Any CPU
		{851E396C-7766-4774-84C2-20D6776B96B9}.Debug|Any CPU.Build.0 = Debug|Any CPU
		{851E396C-7766-4774-84C2-20D6776B96B9}.Debug|ARM.ActiveCfg = Debug|Any CPU
		{851E396C-7766-4774-84C2-20D6776B96B9}.Debug|ARM.Build.0 = Debug|Any CPU
		{851E396C-7766-4774-84C2-20D6776B96B9}.Debug|x64.ActiveCfg = Debug|Any CPU
		{851E396C-7766-4774-84C2-20D6776B96B9}.Debug|x64.Build.0 = Debug|Any CPU
		{851E396C-7766-4774-84C2-20D6776B96B9}.Debug|x86.ActiveCfg = Debug|Any CPU
		{851E396C-7766-4774-84C2-20D6776B96B9}.Debug|x86.Build.0 = Debug|Any CPU
		{851E396C-7766-4774-84C2-20D6776B96B9}.Release|Any CPU.ActiveCfg = Release|Any CPU
		{851E396C-7766-4774-84C2-20D6776B96B9}.Release|Any CPU.Build.0 = Release|Any CPU
		{851E396C-7766-4774-84C2-20D6776B96B9}.Release|ARM.ActiveCfg = Release|Any CPU
		{851E396C-7766-4774-84C2-20D6776B96B9}.Release|ARM.Build.0 = Release|Any CPU
		{851E396C-7766-4774-84C2-20D6776B96B9}.Release|x64.ActiveCfg = Release|Any CPU
		{851E396C-7766-4774-84C2-20D6776B96B9}.Release|x64.Build.0 = Release|Any CPU
		{851E396C-7766-4774-84C2-20D6776B96B9}.Release|x86.ActiveCfg = Release|Any CPU
		{851E396C-7766-4774-84C2-20D6776B96B9}.Release|x86.Build.0 = Release|Any CPU
		{BFE0D2FA-254A-46B0-8F96-1CC092B0E0EC}.Debug|Any CPU.ActiveCfg = Debug|Any CPU
		{BFE0D2FA-254A-46B0-8F96-1CC092B0E0EC}.Debug|Any CPU.Build.0 = Debug|Any CPU
		{BFE0D2FA-254A-46B0-8F96-1CC092B0E0EC}.Debug|ARM.ActiveCfg = Debug|Any CPU
		{BFE0D2FA-254A-46B0-8F96-1CC092B0E0EC}.Debug|ARM.Build.0 = Debug|Any CPU
		{BFE0D2FA-254A-46B0-8F96-1CC092B0E0EC}.Debug|x64.ActiveCfg = Debug|Any CPU
		{BFE0D2FA-254A-46B0-8F96-1CC092B0E0EC}.Debug|x64.Build.0 = Debug|Any CPU
		{BFE0D2FA-254A-46B0-8F96-1CC092B0E0EC}.Debug|x86.ActiveCfg = Debug|Any CPU
		{BFE0D2FA-254A-46B0-8F96-1CC092B0E0EC}.Debug|x86.Build.0 = Debug|Any CPU
		{BFE0D2FA-254A-46B0-8F96-1CC092B0E0EC}.Release|Any CPU.ActiveCfg = Release|Any CPU
		{BFE0D2FA-254A-46B0-8F96-1CC092B0E0EC}.Release|Any CPU.Build.0 = Release|Any CPU
		{BFE0D2FA-254A-46B0-8F96-1CC092B0E0EC}.Release|ARM.ActiveCfg = Release|Any CPU
		{BFE0D2FA-254A-46B0-8F96-1CC092B0E0EC}.Release|ARM.Build.0 = Release|Any CPU
		{BFE0D2FA-254A-46B0-8F96-1CC092B0E0EC}.Release|x64.ActiveCfg = Release|Any CPU
		{BFE0D2FA-254A-46B0-8F96-1CC092B0E0EC}.Release|x64.Build.0 = Release|Any CPU
		{BFE0D2FA-254A-46B0-8F96-1CC092B0E0EC}.Release|x86.ActiveCfg = Release|Any CPU
		{BFE0D2FA-254A-46B0-8F96-1CC092B0E0EC}.Release|x86.Build.0 = Release|Any CPU
	EndGlobalSection
	GlobalSection(SolutionProperties) = preSolution
		HideSolutionNode = FALSE
	EndGlobalSection
	GlobalSection(NestedProjects) = preSolution
		{7585E2C8-75E5-4C5C-BFF3-DC27ED50B2E1} = {0EFDED4F-C77C-4FA4-A8F9-E5A895D1B6AF}
		{7AAA2ED3-71F0-4F04-9FC6-BB2A63EEF249} = {0EFDED4F-C77C-4FA4-A8F9-E5A895D1B6AF}
		{2382F0DA-F4ED-403C-9037-321AFD98CCDF} = {0EFDED4F-C77C-4FA4-A8F9-E5A895D1B6AF}
		{361CE6B9-C5DB-43EC-B12C-6B0074325FA5} = {430F6DCE-1FFC-4529-9FC9-CFDE0A9251D5}
		{C1F8B101-B0DB-40A1-8A8E-7D0F00F49724} = {430F6DCE-1FFC-4529-9FC9-CFDE0A9251D5}
		{1696216A-A349-4E0F-BFEB-385C92DB413F} = {430F6DCE-1FFC-4529-9FC9-CFDE0A9251D5}
		{DF87C47F-11A3-4DF8-81CE-6DA8518FA669} = {430F6DCE-1FFC-4529-9FC9-CFDE0A9251D5}
		{7BD9D22E-1B9F-42D3-8D83-B89E49044ECD} = {430F6DCE-1FFC-4529-9FC9-CFDE0A9251D5}
		{700B8A4C-4E0B-41EE-93AF-E815FCDBA1A2} = {DF85F9BC-4DF7-4DD0-8CA5-9A5DD664A572}
		{C882F15F-5DDB-4D22-B18F-BB012A5F0690} = {DF85F9BC-4DF7-4DD0-8CA5-9A5DD664A572}
		{F68322A0-6A4A-46C1-B0F0-ED0B96AF9FF0} = {1774ADCA-180A-4128-BC6B-F599596AD992}
		{945CC96F-13EB-4F84-B0E5-DF47800ACBF6} = {3B252390-BB00-4A77-93A0-47D9F06052EE}
		{EAB4D72F-BC03-45B6-8621-215AD9EECDF8} = {3B252390-BB00-4A77-93A0-47D9F06052EE}
		{9C9C8EB6-784E-45F0-8EC6-C6FA98A77066} = {3B252390-BB00-4A77-93A0-47D9F06052EE}
		{23F77967-F411-4EB4-B95D-A8AB15EBB812} = {3B252390-BB00-4A77-93A0-47D9F06052EE}
		{018D1136-1BE0-4F15-BAF2-70D4A477C4C5} = {3B252390-BB00-4A77-93A0-47D9F06052EE}
		{A34321F4-4733-477D-8187-7A0AFD130E31} = {3B252390-BB00-4A77-93A0-47D9F06052EE}
		{4673A748-7C04-4753-9A60-C421A611EA19} = {3B252390-BB00-4A77-93A0-47D9F06052EE}
		{AC272517-E577-474B-976C-A6A57ABA1DDE} = {3B252390-BB00-4A77-93A0-47D9F06052EE}
		{0535BA18-EA50-42C1-9F61-B6BD1F4DD5CD} = {3B252390-BB00-4A77-93A0-47D9F06052EE}
		{F09DE572-E984-4226-B57B-1141A9848BCB} = {3B252390-BB00-4A77-93A0-47D9F06052EE}
		{DCA39440-6CB4-4419-826A-3EEB5BCC1185} = {3B252390-BB00-4A77-93A0-47D9F06052EE}
		{E92900DE-AAC6-4A58-83A6-943F274DA89B} = {3B252390-BB00-4A77-93A0-47D9F06052EE}
		{71F25E23-8FF3-4712-86FC-B5657BF7FC84} = {3B252390-BB00-4A77-93A0-47D9F06052EE}
		{78888642-3CE7-47F5-8E86-1BCB83A8694B} = {3B252390-BB00-4A77-93A0-47D9F06052EE}
		{D92C6E75-381E-46C3-B17E-0DC356824A40} = {3B252390-BB00-4A77-93A0-47D9F06052EE}
		{851E396C-7766-4774-84C2-20D6776B96B9} = {3B252390-BB00-4A77-93A0-47D9F06052EE}
		{BFE0D2FA-254A-46B0-8F96-1CC092B0E0EC} = {3B252390-BB00-4A77-93A0-47D9F06052EE}
	EndGlobalSection
	GlobalSection(ExtensibilityGlobals) = postSolution
		SolutionGuid = {8A44F903-E320-4864-81EE-567751929AFD}
	EndGlobalSection
EndGlobal
