
Microsoft Visual Studio Solution File, Format Version 12.00
# Visual Studio Version 16
VisualStudioVersion = 16.0.28922.388
MinimumVisualStudioVersion = 10.0.40219.1
Project("{FAE04EC0-301F-11D3-BF4B-00C04F79EFBC}") = "LibNETFramework", "LibNETFramework\LibNETFramework.csproj", "{78C8313E-9027-4693-8829-6B494AEC3EF7}"
EndProject
Project("{9A19103F-16F7-4668-BE54-9A1E7A4F7556}") = "LibNETStandard", "LibNETStandard\LibNETStandard.csproj", "{DAE8FCC2-9802-48D6-98FD-4F18245AB9DD}"
EndProject
Project("{9A19103F-16F7-4668-BE54-9A1E7A4F7556}") = "SharedLibNETStandard", "SharedLibNETStandard\SharedLibNETStandard.csproj", "{1620272D-E667-4289-AEAC-BEF9F16CD870}"
EndProject
Project("{FAE04EC0-301F-11D3-BF4B-00C04F79EFBC}") = "ModelGenerator", "ModelGenerator\ModelGenerator.csproj", "{EAA29ABA-6EB1-4FF2-81E7-3A45F74CDCA9}"
EndProject
Project("{2150E333-8FDC-42A3-9474-1A3956D46DE8}") = "Windows DesignTime", "Windows DesignTime", "{1D4AC238-0948-4D91-98F2-F4AC36B56344}"
EndProject
Project("{2150E333-8FDC-42A3-9474-1A3956D46DE8}") = "Cross-platform RunTime", "Cross-platform RunTime", "{D42B8FAE-7762-4A4E-8DF3-119421133481}"
EndProject
Project("{2150E333-8FDC-42A3-9474-1A3956D46DE8}") = "RunTime", "RunTime", "{1E65E896-980A-4157-A11F-BFFAD5CBC788}"
EndProject
Project("{2150E333-8FDC-42A3-9474-1A3956D46DE8}") = "Windows RunTime", "Windows RunTime", "{29ADF133-FE76-4C6D-AC17-0897315E2128}"
EndProject
Project("{FAE04EC0-301F-11D3-BF4B-00C04F79EFBC}") = "ConsoleNETFrameworkApp", "ConsoleNETFrameworkApp\ConsoleNETFrameworkApp.csproj", "{7BD09619-E67C-45E5-906A-8A83B6BD499F}"
EndProject
Project("{FAE04EC0-301F-11D3-BF4B-00C04F79EFBC}") = "ConsoleNETCoreApp", "ConsoleNETCoreApp\ConsoleNETCoreApp.csproj", "{F0F09793-FC11-415A-953E-98902978FC54}"
EndProject
Global
	GlobalSection(SolutionConfigurationPlatforms) = preSolution
		Debug|Any CPU = Debug|Any CPU
		Release|Any CPU = Release|Any CPU
	EndGlobalSection
	GlobalSection(ProjectConfigurationPlatforms) = postSolution
		{78C8313E-9027-4693-8829-6B494AEC3EF7}.Debug|Any CPU.ActiveCfg = Debug|Any CPU
		{78C8313E-9027-4693-8829-6B494AEC3EF7}.Debug|Any CPU.Build.0 = Debug|Any CPU
		{78C8313E-9027-4693-8829-6B494AEC3EF7}.Release|Any CPU.ActiveCfg = Release|Any CPU
		{78C8313E-9027-4693-8829-6B494AEC3EF7}.Release|Any CPU.Build.0 = Release|Any CPU
		{DAE8FCC2-9802-48D6-98FD-4F18245AB9DD}.Debug|Any CPU.ActiveCfg = Debug|Any CPU
		{DAE8FCC2-9802-48D6-98FD-4F18245AB9DD}.Debug|Any CPU.Build.0 = Debug|Any CPU
		{DAE8FCC2-9802-48D6-98FD-4F18245AB9DD}.Release|Any CPU.ActiveCfg = Release|Any CPU
		{DAE8FCC2-9802-48D6-98FD-4F18245AB9DD}.Release|Any CPU.Build.0 = Release|Any CPU
		{1620272D-E667-4289-AEAC-BEF9F16CD870}.Debug|Any CPU.ActiveCfg = Debug|Any CPU
		{1620272D-E667-4289-AEAC-BEF9F16CD870}.Debug|Any CPU.Build.0 = Debug|Any CPU
		{1620272D-E667-4289-AEAC-BEF9F16CD870}.Release|Any CPU.ActiveCfg = Release|Any CPU
		{1620272D-E667-4289-AEAC-BEF9F16CD870}.Release|Any CPU.Build.0 = Release|Any CPU
		{EAA29ABA-6EB1-4FF2-81E7-3A45F74CDCA9}.Debug|Any CPU.ActiveCfg = Debug|Any CPU
		{EAA29ABA-6EB1-4FF2-81E7-3A45F74CDCA9}.Debug|Any CPU.Build.0 = Debug|Any CPU
		{EAA29ABA-6EB1-4FF2-81E7-3A45F74CDCA9}.Release|Any CPU.ActiveCfg = Release|Any CPU
		{EAA29ABA-6EB1-4FF2-81E7-3A45F74CDCA9}.Release|Any CPU.Build.0 = Release|Any CPU
		{7BD09619-E67C-45E5-906A-8A83B6BD499F}.Debug|Any CPU.ActiveCfg = Debug|Any CPU
		{7BD09619-E67C-45E5-906A-8A83B6BD499F}.Debug|Any CPU.Build.0 = Debug|Any CPU
		{7BD09619-E67C-45E5-906A-8A83B6BD499F}.Release|Any CPU.ActiveCfg = Release|Any CPU
		{7BD09619-E67C-45E5-906A-8A83B6BD499F}.Release|Any CPU.Build.0 = Release|Any CPU
		{F0F09793-FC11-415A-953E-98902978FC54}.Debug|Any CPU.ActiveCfg = Debug|Any CPU
		{F0F09793-FC11-415A-953E-98902978FC54}.Debug|Any CPU.Build.0 = Debug|Any CPU
		{F0F09793-FC11-415A-953E-98902978FC54}.Release|Any CPU.ActiveCfg = Release|Any CPU
		{F0F09793-FC11-415A-953E-98902978FC54}.Release|Any CPU.Build.0 = Release|Any CPU
	EndGlobalSection
	GlobalSection(SolutionProperties) = preSolution
		HideSolutionNode = FALSE
	EndGlobalSection
	GlobalSection(NestedProjects) = preSolution
		{78C8313E-9027-4693-8829-6B494AEC3EF7} = {29ADF133-FE76-4C6D-AC17-0897315E2128}
		{DAE8FCC2-9802-48D6-98FD-4F18245AB9DD} = {D42B8FAE-7762-4A4E-8DF3-119421133481}
		{1620272D-E667-4289-AEAC-BEF9F16CD870} = {D42B8FAE-7762-4A4E-8DF3-119421133481}
		{EAA29ABA-6EB1-4FF2-81E7-3A45F74CDCA9} = {1D4AC238-0948-4D91-98F2-F4AC36B56344}
		{D42B8FAE-7762-4A4E-8DF3-119421133481} = {1E65E896-980A-4157-A11F-BFFAD5CBC788}
		{29ADF133-FE76-4C6D-AC17-0897315E2128} = {1E65E896-980A-4157-A11F-BFFAD5CBC788}
		{7BD09619-E67C-45E5-906A-8A83B6BD499F} = {29ADF133-FE76-4C6D-AC17-0897315E2128}
		{F0F09793-FC11-415A-953E-98902978FC54} = {D42B8FAE-7762-4A4E-8DF3-119421133481}
	EndGlobalSection
	GlobalSection(ExtensibilityGlobals) = postSolution
		SolutionGuid = {4D594ACB-3438-4A23-891A-500C280C206E}
	EndGlobalSection
EndGlobal
